
Microsoft Visual Studio Solution File, Format Version 12.00
# Visual Studio Version 16
VisualStudioVersion = 16.0.30907.101
MinimumVisualStudioVersion = 10.0.40219.1
Project("{9A19103F-16F7-4668-BE54-9A1E7A4F7556}") = "KampIntro", "KampIntro\KampIntro.csproj", "{76701596-9FF8-4FF7-B729-886A717CDAAE}"
EndProject
Project("{9A19103F-16F7-4668-BE54-9A1E7A4F7556}") = "ClassIntro", "ClassIntro\ClassIntro.csproj", "{E4260B6D-9EE2-496B-96CE-A5FF986B174F}"
EndProject
Project("{9A19103F-16F7-4668-BE54-9A1E7A4F7556}") = "ClassMetotDemo", "ClassMetotDemo\ClassMetotDemo.csproj", "{1812D3A8-A7EE-49A6-BE0A-BE76CCB58770}"
EndProject
Project("{9A19103F-16F7-4668-BE54-9A1E7A4F7556}") = "ClassProduct", "ClassProduct\ClassProduct.csproj", "{6053E1F1-6DC4-4726-9D40-875D129CF165}"
EndProject
Project("{9A19103F-16F7-4668-BE54-9A1E7A4F7556}") = "DegerVeReferansTipler", "DegerVeReferansTipler\DegerVeReferansTipler.csproj", "{DF4945E7-EAAD-448D-8B7A-C2A3F2C9210D}"
EndProject
Project("{9A19103F-16F7-4668-BE54-9A1E7A4F7556}") = "Donguler", "Donguler\Donguler.csproj", "{53C9EC93-8C75-4A5B-AE4F-30750B84982D}"
EndProject
Project("{FAE04EC0-301F-11D3-BF4B-00C04F79EFBC}") = "GenericsIntro", "GenericsIntro\GenericsIntro.csproj", "{1B1E30BF-6E55-44EC-806E-B7EB65906C4A}"
EndProject
Project("{FAE04EC0-301F-11D3-BF4B-00C04F79EFBC}") = "Koleksiyonlar", "Koleksiyonlar\Koleksiyonlar.csproj", "{0D697BC4-73EC-4B79-96C2-F8BA5DD08D47}"
EndProject
Project("{FAE04EC0-301F-11D3-BF4B-00C04F79EFBC}") = "Matematik", "Matematik\Matematik.csproj", "{41970601-1E53-4A36-A3EE-2B245D7C7B5D}"
EndProject
Global
	GlobalSection(SolutionConfigurationPlatforms) = preSolution
		Debug|Any CPU = Debug|Any CPU
		Release|Any CPU = Release|Any CPU
	EndGlobalSection
	GlobalSection(ProjectConfigurationPlatforms) = postSolution
		{76701596-9FF8-4FF7-B729-886A717CDAAE}.Debug|Any CPU.ActiveCfg = Debug|Any CPU
		{76701596-9FF8-4FF7-B729-886A717CDAAE}.Debug|Any CPU.Build.0 = Debug|Any CPU
		{76701596-9FF8-4FF7-B729-886A717CDAAE}.Release|Any CPU.ActiveCfg = Release|Any CPU
		{76701596-9FF8-4FF7-B729-886A717CDAAE}.Release|Any CPU.Build.0 = Release|Any CPU
		{E4260B6D-9EE2-496B-96CE-A5FF986B174F}.Debug|Any CPU.ActiveCfg = Debug|Any CPU
		{E4260B6D-9EE2-496B-96CE-A5FF986B174F}.Debug|Any CPU.Build.0 = Debug|Any CPU
		{E4260B6D-9EE2-496B-96CE-A5FF986B174F}.Release|Any CPU.ActiveCfg = Release|Any CPU
		{E4260B6D-9EE2-496B-96CE-A5FF986B174F}.Release|Any CPU.Build.0 = Release|Any CPU
		{1812D3A8-A7EE-49A6-BE0A-BE76CCB58770}.Debug|Any CPU.ActiveCfg = Debug|Any CPU
		{1812D3A8-A7EE-49A6-BE0A-BE76CCB58770}.Debug|Any CPU.Build.0 = Debug|Any CPU
		{1812D3A8-A7EE-49A6-BE0A-BE76CCB58770}.Release|Any CPU.ActiveCfg = Release|Any CPU
		{1812D3A8-A7EE-49A6-BE0A-BE76CCB58770}.Release|Any CPU.Build.0 = Release|Any CPU
		{6053E1F1-6DC4-4726-9D40-875D129CF165}.Debug|Any CPU.ActiveCfg = Debug|Any CPU
		{6053E1F1-6DC4-4726-9D40-875D129CF165}.Debug|Any CPU.Build.0 = Debug|Any CPU
		{6053E1F1-6DC4-4726-9D40-875D129CF165}.Release|Any CPU.ActiveCfg = Release|Any CPU
		{6053E1F1-6DC4-4726-9D40-875D129CF165}.Release|Any CPU.Build.0 = Release|Any CPU
		{DF4945E7-EAAD-448D-8B7A-C2A3F2C9210D}.Debug|Any CPU.ActiveCfg = Debug|Any CPU
		{DF4945E7-EAAD-448D-8B7A-C2A3F2C9210D}.Debug|Any CPU.Build.0 = Debug|Any CPU
		{DF4945E7-EAAD-448D-8B7A-C2A3F2C9210D}.Release|Any CPU.ActiveCfg = Release|Any CPU
		{DF4945E7-EAAD-448D-8B7A-C2A3F2C9210D}.Release|Any CPU.Build.0 = Release|Any CPU
		{53C9EC93-8C75-4A5B-AE4F-30750B84982D}.Debug|Any CPU.ActiveCfg = Debug|Any CPU
		{53C9EC93-8C75-4A5B-AE4F-30750B84982D}.Debug|Any CPU.Build.0 = Debug|Any CPU
		{53C9EC93-8C75-4A5B-AE4F-30750B84982D}.Release|Any CPU.ActiveCfg = Release|Any CPU
		{53C9EC93-8C75-4A5B-AE4F-30750B84982D}.Release|Any CPU.Build.0 = Release|Any CPU
		{1B1E30BF-6E55-44EC-806E-B7EB65906C4A}.Debug|Any CPU.ActiveCfg = Debug|Any CPU
		{1B1E30BF-6E55-44EC-806E-B7EB65906C4A}.Debug|Any CPU.Build.0 = Debug|Any CPU
		{1B1E30BF-6E55-44EC-806E-B7EB65906C4A}.Release|Any CPU.ActiveCfg = Release|Any CPU
		{1B1E30BF-6E55-44EC-806E-B7EB65906C4A}.Release|Any CPU.Build.0 = Release|Any CPU
		{0D697BC4-73EC-4B79-96C2-F8BA5DD08D47}.Debug|Any CPU.ActiveCfg = Debug|Any CPU
		{0D697BC4-73EC-4B79-96C2-F8BA5DD08D47}.Debug|Any CPU.Build.0 = Debug|Any CPU
		{0D697BC4-73EC-4B79-96C2-F8BA5DD08D47}.Release|Any CPU.ActiveCfg = Release|Any CPU
		{0D697BC4-73EC-4B79-96C2-F8BA5DD08D47}.Release|Any CPU.Build.0 = Release|Any CPU
		{41970601-1E53-4A36-A3EE-2B245D7C7B5D}.Debug|Any CPU.ActiveCfg = Debug|Any CPU
		{41970601-1E53-4A36-A3EE-2B245D7C7B5D}.Debug|Any CPU.Build.0 = Debug|Any CPU
		{41970601-1E53-4A36-A3EE-2B245D7C7B5D}.Release|Any CPU.ActiveCfg = Release|Any CPU
		{41970601-1E53-4A36-A3EE-2B245D7C7B5D}.Release|Any CPU.Build.0 = Release|Any CPU
	EndGlobalSection
	GlobalSection(SolutionProperties) = preSolution
		HideSolutionNode = FALSE
	EndGlobalSection
	GlobalSection(ExtensibilityGlobals) = postSolution
		SolutionGuid = {9BF06F4A-653B-49FB-AAC9-DBFC7604893C}
	EndGlobalSection
EndGlobal
